// !$*UTF8*$!
{
	archiveVersion = 1;
	classes = {
	};
	objectVersion = 50;
	objects = {

/* Begin PBXBuildFile section */
		5541BA8927C73F8A000CBEC2 /* AppDelegate.swift in Sources */ = {isa = PBXBuildFile; fileRef = 5541BA8827C73F8A000CBEC2 /* AppDelegate.swift */; };
		5541BA8B27C73F8A000CBEC2 /* SceneDelegate.swift in Sources */ = {isa = PBXBuildFile; fileRef = 5541BA8A27C73F8A000CBEC2 /* SceneDelegate.swift */; };
		5541BA8D27C73F8A000CBEC2 /* ViewController.swift in Sources */ = {isa = PBXBuildFile; fileRef = 5541BA8C27C73F8A000CBEC2 /* ViewController.swift */; };
		5541BA9027C73F8A000CBEC2 /* Main.storyboard in Resources */ = {isa = PBXBuildFile; fileRef = 5541BA8E27C73F8A000CBEC2 /* Main.storyboard */; };
		5541BA9227C73F8B000CBEC2 /* Assets.xcassets in Resources */ = {isa = PBXBuildFile; fileRef = 5541BA9127C73F8B000CBEC2 /* Assets.xcassets */; };
		5541BA9527C73F8B000CBEC2 /* LaunchScreen.storyboard in Resources */ = {isa = PBXBuildFile; fileRef = 5541BA9327C73F8B000CBEC2 /* LaunchScreen.storyboard */; };
		5541BA9F27C7445B000CBEC2 /* myCollectionViewCell.swift in Sources */ = {isa = PBXBuildFile; fileRef = 5541BA9D27C7445B000CBEC2 /* myCollectionViewCell.swift */; };
		5541BAA027C7445B000CBEC2 /* myCollectionViewCell.xib in Resources */ = {isa = PBXBuildFile; fileRef = 5541BA9E27C7445B000CBEC2 /* myCollectionViewCell.xib */; };
/* End PBXBuildFile section */

/* Begin PBXFileReference section */
		5541BA8527C73F8A000CBEC2 /* collection view practice.app */ = {isa = PBXFileReference; explicitFileType = wrapper.application; includeInIndex = 0; path = "collection view practice.app"; sourceTree = BUILT_PRODUCTS_DIR; };
		5541BA8827C73F8A000CBEC2 /* AppDelegate.swift */ = {isa = PBXFileReference; lastKnownFileType = sourcecode.swift; path = AppDelegate.swift; sourceTree = "<group>"; };
		5541BA8A27C73F8A000CBEC2 /* SceneDelegate.swift */ = {isa = PBXFileReference; lastKnownFileType = sourcecode.swift; path = SceneDelegate.swift; sourceTree = "<group>"; };
		5541BA8C27C73F8A000CBEC2 /* ViewController.swift */ = {isa = PBXFileReference; lastKnownFileType = sourcecode.swift; path = ViewController.swift; sourceTree = "<group>"; };
		5541BA8F27C73F8A000CBEC2 /* Base */ = {isa = PBXFileReference; lastKnownFileType = file.storyboard; name = Base; path = Base.lproj/Main.storyboard; sourceTree = "<group>"; };
		5541BA9127C73F8B000CBEC2 /* Assets.xcassets */ = {isa = PBXFileReference; lastKnownFileType = folder.assetcatalog; path = Assets.xcassets; sourceTree = "<group>"; };
		5541BA9427C73F8B000CBEC2 /* Base */ = {isa = PBXFileReference; lastKnownFileType = file.storyboard; name = Base; path = Base.lproj/LaunchScreen.storyboard; sourceTree = "<group>"; };
		5541BA9627C73F8B000CBEC2 /* Info.plist */ = {isa = PBXFileReference; lastKnownFileType = text.plist.xml; path = Info.plist; sourceTree = "<group>"; };
		5541BA9D27C7445B000CBEC2 /* myCollectionViewCell.swift */ = {isa = PBXFileReference; lastKnownFileType = sourcecode.swift; path = myCollectionViewCell.swift; sourceTree = "<group>"; };
		5541BA9E27C7445B000CBEC2 /* myCollectionViewCell.xib */ = {isa = PBXFileReference; lastKnownFileType = file.xib; path = myCollectionViewCell.xib; sourceTree = "<group>"; };
/* End PBXFileReference section */

/* Begin PBXFrameworksBuildPhase section */
		5541BA8227C73F8A000CBEC2 /* Frameworks */ = {
			isa = PBXFrameworksBuildPhase;
			buildActionMask = 2147483647;
			files = (
			);
			runOnlyForDeploymentPostprocessing = 0;
		};
/* End PBXFrameworksBuildPhase section */

/* Begin PBXGroup section */
		5541BA7C27C73F8A000CBEC2 = {
			isa = PBXGroup;
			children = (
				5541BA8727C73F8A000CBEC2 /* collection view practice */,
				5541BA8627C73F8A000CBEC2 /* Products */,
			);
			sourceTree = "<group>";
		};
		5541BA8627C73F8A000CBEC2 /* Products */ = {
			isa = PBXGroup;
			children = (
				5541BA8527C73F8A000CBEC2 /* collection view practice.app */,
			);
			name = Products;
			sourceTree = "<group>";
		};
		5541BA8727C73F8A000CBEC2 /* collection view practice */ = {
			isa = PBXGroup;
			children = (
				5541BA8827C73F8A000CBEC2 /* AppDelegate.swift */,
				5541BA8A27C73F8A000CBEC2 /* SceneDelegate.swift */,
				5541BA8C27C73F8A000CBEC2 /* ViewController.swift */,
				5541BA8E27C73F8A000CBEC2 /* Main.storyboard */,
				5541BA9127C73F8B000CBEC2 /* Assets.xcassets */,
				5541BA9327C73F8B000CBEC2 /* LaunchScreen.storyboard */,
				5541BA9627C73F8B000CBEC2 /* Info.plist */,
				5541BA9D27C7445B000CBEC2 /* myCollectionViewCell.swift */,
				5541BA9E27C7445B000CBEC2 /* myCollectionViewCell.xib */,
			);
			path = "collection view practice";
			sourceTree = "<group>";
		};
/* End PBXGroup section */

/* Begin PBXNativeTarget section */
		5541BA8427C73F8A000CBEC2 /* collection view practice */ = {
			isa = PBXNativeTarget;
			buildConfigurationList = 5541BA9927C73F8B000CBEC2 /* Build configuration list for PBXNativeTarget "collection view practice" */;
			buildPhases = (
				5541BA8127C73F8A000CBEC2 /* Sources */,
				5541BA8227C73F8A000CBEC2 /* Frameworks */,
				5541BA8327C73F8A000CBEC2 /* Resources */,
			);
			buildRules = (
			);
			dependencies = (
			);
			name = "collection view practice";
			productName = "collection view practice";
			productReference = 5541BA8527C73F8A000CBEC2 /* collection view practice.app */;
			productType = "com.apple.product-type.application";
		};
/* End PBXNativeTarget section */

/* Begin PBXProject section */
		5541BA7D27C73F8A000CBEC2 /* Project object */ = {
			isa = PBXProject;
			attributes = {
				LastSwiftUpdateCheck = 1210;
				LastUpgradeCheck = 1210;
				TargetAttributes = {
					5541BA8427C73F8A000CBEC2 = {
						CreatedOnToolsVersion = 12.1;
					};
				};
			};
			buildConfigurationList = 5541BA8027C73F8A000CBEC2 /* Build configuration list for PBXProject "collection view practice" */;
			compatibilityVersion = "Xcode 9.3";
			developmentRegion = en;
			hasScannedForEncodings = 0;
			knownRegions = (
				en,
				Base,
			);
			mainGroup = 5541BA7C27C73F8A000CBEC2;
			productRefGroup = 5541BA8627C73F8A000CBEC2 /* Products */;
			projectDirPath = "";
			projectRoot = "";
			targets = (
				5541BA8427C73F8A000CBEC2 /* collection view practice */,
			);
		};
/* End PBXProject section */

/* Begin PBXResourcesBuildPhase section */
		5541BA8327C73F8A000CBEC2 /* Resources */ = {
			isa = PBXResourcesBuildPhase;
			buildActionMask = 2147483647;
			files = (
				5541BA9527C73F8B000CBEC2 /* LaunchScreen.storyboard in Resources */,
				5541BA9227C73F8B000CBEC2 /* Assets.xcassets in Resources */,
				5541BAA027C7445B000CBEC2 /* myCollectionViewCell.xib in Resources */,
				5541BA9027C73F8A000CBEC2 /* Main.storyboard in Resources */,
			);
			runOnlyForDeploymentPostprocessing = 0;
		};
/* End PBXResourcesBuildPhase section */

/* Begin PBXSourcesBuildPhase section */
		5541BA8127C73F8A000CBEC2 /* Sources */ = {
			isa = PBXSourcesBuildPhase;
			buildActionMask = 2147483647;
			files = (
				5541BA8D27C73F8A000CBEC2 /* ViewController.swift in Sources */,
				5541BA8927C73F8A000CBEC2 /* AppDelegate.swift in Sources */,
				5541BA9F27C7445B000CBEC2 /* myCollectionViewCell.swift in Sources */,
				5541BA8B27C73F8A000CBEC2 /* SceneDelegate.swift in Sources */,
			);
			runOnlyForDeploymentPostprocessing = 0;
		};
/* End PBXSourcesBuildPhase section */

/* Begin PBXVariantGroup section */
		5541BA8E27C73F8A000CBEC2 /* Main.storyboard */ = {
			isa = PBXVariantGroup;
			children = (
				5541BA8F27C73F8A000CBEC2 /* Base */,
			);
			name = Main.storyboard;
			sourceTree = "<group>";
		};
		5541BA9327C73F8B000CBEC2 /* LaunchScreen.storyboard */ = {
			isa = PBXVariantGroup;
			children = (
				5541BA9427C73F8B000CBEC2 /* Base */,
			);
			name = LaunchScreen.storyboard;
			sourceTree = "<group>";
		};
/* End PBXVariantGroup section */

/* Begin XCBuildConfiguration section */
		5541BA9727C73F8B000CBEC2 /* Debug */ = {
			isa = XCBuildConfiguration;
			buildSettings = {
				ALWAYS_SEARCH_USER_PATHS = NO;
				CLANG_ANALYZER_NONNULL = YES;
				CLANG_ANALYZER_NUMBER_OBJECT_CONVERSION = YES_AGGRESSIVE;
				CLANG_CXX_LANGUAGE_STANDARD = "gnu++14";
				CLANG_CXX_LIBRARY = "libc++";
				CLANG_ENABLE_MODULES = YES;
				CLANG_ENABLE_OBJC_ARC = YES;
				CLANG_ENABLE_OBJC_WEAK = YES;
				CLANG_WARN_BLOCK_CAPTURE_AUTORELEASING = YES;
				CLANG_WARN_BOOL_CONVERSION = YES;
				CLANG_WARN_COMMA = YES;
				CLANG_WARN_CONSTANT_CONVERSION = YES;
				CLANG_WARN_DEPRECATED_OBJC_IMPLEMENTATIONS = YES;
				CLANG_WARN_DIRECT_OBJC_ISA_USAGE = YES_ERROR;
				CLANG_WARN_DOCUMENTATION_COMMENTS = YES;
				CLANG_WARN_EMPTY_BODY = YES;
				CLANG_WARN_ENUM_CONVERSION = YES;
				CLANG_WARN_INFINITE_RECURSION = YES;
				CLANG_WARN_INT_CONVERSION = YES;
				CLANG_WARN_NON_LITERAL_NULL_CONVERSION = YES;
				CLANG_WARN_OBJC_IMPLICIT_RETAIN_SELF = YES;
				CLANG_WARN_OBJC_LITERAL_CONVERSION = YES;
				CLANG_WARN_OBJC_ROOT_CLASS = YES_ERROR;
				CLANG_WARN_QUOTED_INCLUDE_IN_FRAMEWORK_HEADER = YES;
				CLANG_WARN_RANGE_LOOP_ANALYSIS = YES;
				CLANG_WARN_STRICT_PROTOTYPES = YES;
				CLANG_WARN_SUSPICIOUS_MOVE = YES;
				CLANG_WARN_UNGUARDED_AVAILABILITY = YES_AGGRESSIVE;
				CLANG_WARN_UNREACHABLE_CODE = YES;
				CLANG_WARN__DUPLICATE_METHOD_MATCH = YES;
				COPY_PHASE_STRIP = NO;
				DEBUG_INFORMATION_FORMAT = dwarf;
				ENABLE_STRICT_OBJC_MSGSEND = YES;
				ENABLE_TESTABILITY = YES;
				GCC_C_LANGUAGE_STANDARD = gnu11;
				GCC_DYNAMIC_NO_PIC = NO;
				GCC_NO_COMMON_BLOCKS = YES;
				GCC_OPTIMIZATION_LEVEL = 0;
				GCC_PREPROCESSOR_DEFINITIONS = (
					"DEBUG=1",
					"$(inherited)",
				);
				GCC_WARN_64_TO_32_BIT_CONVERSION = YES;
				GCC_WARN_ABOUT_RETURN_TYPE = YES_ERROR;
				GCC_WARN_UNDECLARED_SELECTOR = YES;
				GCC_WARN_UNINITIALIZED_AUTOS = YES_AGGRESSIVE;
				GCC_WARN_UNUSED_FUNCTION = YES;
				GCC_WARN_UNUSED_VARIABLE = YES;
				IPHONEOS_DEPLOYMENT_TARGET = 14.1;
				MTL_ENABLE_DEBUG_INFO = INCLUDE_SOURCE;
				MTL_FAST_MATH = YES;
				ONLY_ACTIVE_ARCH = YES;
				SDKROOT = iphoneos;
				SWIFT_ACTIVE_COMPILATION_CONDITIONS = DEBUG;
				SWIFT_OPTIMIZATION_LEVEL = "-Onone";
			};
			name = Debug;
		};
		5541BA9827C73F8B000CBEC2 /* Release */ = {
			isa = XCBuildConfiguration;
			buildSettings = {
				ALWAYS_SEARCH_USER_PATHS = NO;
				CLANG_ANALYZER_NONNULL = YES;
				CLANG_ANALYZER_NUMBER_OBJECT_CONVERSION = YES_AGGRESSIVE;
				CLANG_CXX_LANGUAGE_STANDARD = "gnu++14";
				CLANG_CXX_LIBRARY = "libc++";
				CLANG_ENABLE_MODULES = YES;
				CLANG_ENABLE_OBJC_ARC = YES;
				CLANG_ENABLE_OBJC_WEAK = YES;
				CLANG_WARN_BLOCK_CAPTURE_AUTORELEASING = YES;
				CLANG_WARN_BOOL_CONVERSION = YES;
				CLANG_WARN_COMMA = YES;
				CLANG_WARN_CONSTANT_CONVERSION = YES;
				CLANG_WARN_DEPRECATED_OBJC_IMPLEMENTATIONS = YES;
				CLANG_WARN_DIRECT_OBJC_ISA_USAGE = YES_ERROR;
				CLANG_WARN_DOCUMENTATION_COMMENTS = YES;
				CLANG_WARN_EMPTY_BODY = YES;
				CLANG_WARN_ENUM_CONVERSION = YES;
				CLANG_WARN_INFINITE_RECURSION = YES;
				CLANG_WARN_INT_CONVERSION = YES;
				CLANG_WARN_NON_LITERAL_NULL_CONVERSION = YES;
				CLANG_WARN_OBJC_IMPLICIT_RETAIN_SELF = YES;
				CLANG_WARN_OBJC_LITERAL_CONVERSION = YES;
				CLANG_WARN_OBJC_ROOT_CLASS = YES_ERROR;
				CLANG_WARN_QUOTED_INCLUDE_IN_FRAMEWORK_HEADER = YES;
				CLANG_WARN_RANGE_LOOP_ANALYSIS = YES;
				CLANG_WARN_STRICT_PROTOTYPES = YES;
				CLANG_WARN_SUSPICIOUS_MOVE = YES;
				CLANG_WARN_UNGUARDED_AVAILABILITY = YES_AGGRESSIVE;
				CLANG_WARN_UNREACHABLE_CODE = YES;
				CLANG_WARN__DUPLICATE_METHOD_MATCH = YES;
				COPY_PHASE_STRIP = NO;
				DEBUG_INFORMATION_FORMAT = "dwarf-with-dsym";
				ENABLE_NS_ASSERTIONS = NO;
				ENABLE_STRICT_OBJC_MSGSEND = YES;
				GCC_C_LANGUAGE_STANDARD = gnu11;
				GCC_NO_COMMON_BLOCKS = YES;
				GCC_WARN_64_TO_32_BIT_CONVERSION = YES;
				GCC_WARN_ABOUT_RETURN_TYPE = YES_ERROR;
				GCC_WARN_UNDECLARED_SELECTOR = YES;
				GCC_WARN_UNINITIALIZED_AUTOS = YES_AGGRESSIVE;
				GCC_WARN_UNUSED_FUNCTION = YES;
				GCC_WARN_UNUSED_VARIABLE = YES;
				IPHONEOS_DEPLOYMENT_TARGET = 14.1;
				MTL_ENABLE_DEBUG_INFO = NO;
				MTL_FAST_MATH = YES;
				SDKROOT = iphoneos;
				SWIFT_COMPILATION_MODE = wholemodule;
				SWIFT_OPTIMIZATION_LEVEL = "-O";
				VALIDATE_PRODUCT = YES;
			};
			name = Release;
		};
		5541BA9A27C73F8B000CBEC2 /* Debug */ = {
			isa = XCBuildConfiguration;
			buildSettings = {
				ASSETCATALOG_COMPILER_APPICON_NAME = AppIcon;
				ASSETCATALOG_COMPILER_GLOBAL_ACCENT_COLOR_NAME = AccentColor;
				CODE_SIGN_STYLE = Automatic;
				DEVELOPMENT_TEAM = L7B44A95MP;
				INFOPLIST_FILE = "collection view practice/Info.plist";
				LD_RUNPATH_SEARCH_PATHS = (
					"$(inherited)",
					"@executable_path/Frameworks",
				);
				PRODUCT_BUNDLE_IDENTIFIER = "com.sowrya.collection-view-practice";
				PRODUCT_NAME = "$(TARGET_NAME)";
				SWIFT_VERSION = 5.0;
				TARGETED_DEVICE_FAMILY = "1,2";
			};
			name = Debug;
		};
		5541BA9B27C73F8B000CBEC2 /* Release */ = {
			isa = XCBuildConfiguration;
			buildSettings = {
				ASSETCATALOG_COMPILER_APPICON_NAME = AppIcon;
				ASSETCATALOG_COMPILER_GLOBAL_ACCENT_COLOR_NAME = AccentColor;
				CODE_SIGN_STYLE = Automatic;
				DEVELOPMENT_TEAM = L7B44A95MP;
				INFOPLIST_FILE = "collection view practice/Info.plist";
				LD_RUNPATH_SEARCH_PATHS = (
					"$(inherited)",
					"@executable_path/Frameworks",
				);
				PRODUCT_BUNDLE_IDENTIFIER = "com.sowrya.collection-view-practice";
				PRODUCT_NAME = "$(TARGET_NAME)";
				SWIFT_VERSION = 5.0;
				TARGETED_DEVICE_FAMILY = "1,2";
			};
			name = Release;
		};
/* End XCBuildConfiguration section */

/* Begin XCConfigurationList section */
		5541BA8027C73F8A000CBEC2 /* Build configuration list for PBXProject "collection view practice" */ = {
			isa = XCConfigurationList;
			buildConfigurations = (
				5541BA9727C73F8B000CBEC2 /* Debug */,
				5541BA9827C73F8B000CBEC2 /* Release */,
			);
			defaultConfigurationIsVisible = 0;
			defaultConfigurationName = Release;
		};
		5541BA9927C73F8B000CBEC2 /* Build configuration list for PBXNativeTarget "collection view practice" */ = {
			isa = XCConfigurationList;
			buildConfigurations = (
				5541BA9A27C73F8B000CBEC2 /* Debug */,
				5541BA9B27C73F8B000CBEC2 /* Release */,
			);
			defaultConfigurationIsVisible = 0;
			defaultConfigurationName = Release;
		};
/* End XCConfigurationList section */
	};
	rootObject = 5541BA7D27C73F8A000CBEC2 /* Project object */;
}
